PODS:
  - Flutter (1.0.0)
  - flutter_image_compress (0.0.1):
    - Flutter
    - Mantle
    - SDWebImage
    - SDWebImageWebPCoder
  - image_cropper (0.0.4):
    - Flutter
    - TOCropViewController (~> 2.6.1)
  - libwebp (1.2.1):
    - libwebp/demux (= 1.2.1)
    - libwebp/mux (= 1.2.1)
    - libwebp/webp (= 1.2.1)
  - libwebp/demux (1.2.1):
    - libwebp/webp
  - libwebp/mux (1.2.1):
    - libwebp/demux
  - libwebp/webp (1.2.1)
  - Mantle (2.2.0):
    - Mantle/extobjc (= 2.2.0)
  - Mantle/extobjc (2.2.0)
  - motion_sensors (0.0.1):
    - Flutter
  - path_provider_ios (0.0.1):
    - Flutter
  - permission_handler_apple (9.0.4):
    - Flutter
  - SDWebImage (5.12.5):
    - SDWebImage/Core (= 5.12.5)
  - SDWebImage/Core (5.12.5)
  - SDWebImageWebPCoder (0.8.4):
    - libwebp (~> 1.0)
    - SDWebImage/Core (~> 5.10)
  - TOCropViewController (2.6.1)
  - video_player_avfoundation (0.0.1):
    - Flutter
  - wakelock (0.0.1):
    - Flutter

DEPENDENCIES:
  - Flutter (from `Flutter`)
  - flutter_image_compress (from `.symlinks/plugins/flutter_image_compress/ios`)
  - image_cropper (from `.symlinks/plugins/image_cropper/ios`)
  - motion_sensors (from `.symlinks/plugins/motion_sensors/ios`)
  - path_provider_ios (from `.symlinks/plugins/path_provider_ios/ios`)
  - permission_handler_apple (from `.symlinks/plugins/permission_handler_apple/ios`)
  - video_player_avfoundation (from `.symlinks/plugins/video_player_avfoundation/ios`)
  - wakelock (from `.symlinks/plugins/wakelock/ios`)

SPEC REPOS:
  trunk:
    - libwebp
    - Mantle
    - SDWebImage
    - SDWebImageWebPCoder
    - TOCropViewController

EXTERNAL SOURCES:
  Flutter:
    :path: Flutter
  flutter_image_compress:
    :path: ".symlinks/plugins/flutter_image_compress/ios"
  image_cropper:
    :path: ".symlinks/plugins/image_cropper/ios"
  motion_sensors:
    :path: ".symlinks/plugins/motion_sensors/ios"
  path_provider_ios:
    :path: ".symlinks/plugins/path_provider_ios/ios"
  permission_handler_apple:
    :path: ".symlinks/plugins/permission_handler_apple/ios"
  video_player_avfoundation:
    :path: ".symlinks/plugins/video_player_avfoundation/ios"
  wakelock:
    :path: ".symlinks/plugins/wakelock/ios"

SPEC CHECKSUMS:
  Flutter: 50d75fe2f02b26cc09d224853bb45737f8b3214a
  flutter_image_compress: fd2b476345226e1a10ea352fa306af95704642c1
  image_cropper: 60c2789d1f1a78c873235d4319ca0c34a69f2d98
  libwebp: 98a37e597e40bfdb4c911fc98f2c53d0b12d05fc
  Mantle: c5aa8794a29a022dfbbfc9799af95f477a69b62d
  motion_sensors: 03f55b7c637a7e365a0b5f9697a449f9059d5d91
  path_provider_ios: 14f3d2fd28c4fdb42f44e0f751d12861c43cee02
  permission_handler_apple: 44366e37eaf29454a1e7b1b7d736c2cceaeb17ce
  SDWebImage: 0905f1b7760fc8ac4198cae0036600d67478751e
  SDWebImageWebPCoder: f93010f3f6c031e2f8fb3081ca4ee6966c539815
  TOCropViewController: edfd4f25713d56905ad1e0b9f5be3fbe0f59c863
  video_player_avfoundation: e489aac24ef5cf7af82702979ed16f2a5ef84cff
  wakelock: d0fc7c864128eac40eba1617cb5264d9c940b46f

PODFILE CHECKSUM: aafe91acc616949ddb318b77800a7f51bffa2a4c

COCOAPODS: 1.11.3
